<?xml version="1.0" encoding="UTF-8"?>
<Scheme
   LastUpgradeVersion = "0830"
   version = "1.3">
   <BuildAction
      parallelizeBuildables = "YES"
      buildImplicitDependencies = "YES">
      <BuildActionEntries>
         <BuildActionEntry
            buildForTesting = "YES"
            buildForRunning = "YES"
            buildForProfiling = "YES"
            buildForArchiving = "YES"
            buildForAnalyzing = "YES">
            <BuildableReference
               BuildableIdentifier = "primary"
               BlueprintIdentifier = "D3EC8BA0231FB0570049CDAA"
               BuildableName = "vm"
               BlueprintName = "vm"
               ReferencedContainer = "container:vm.xcodeproj">
            </BuildableReference>
         </BuildActionEntry>
      </BuildActionEntries>
   </BuildAction>
   <TestAction
      buildConfiguration = "Debug"
      selectedDebuggerIdentifier = "Xcode.DebuggerFoundation.Debugger.LLDB"
      selectedLauncherIdentifier = "Xcode.DebuggerFoundation.Launcher.LLDB"
      shouldUseLaunchSchemeArgsEnv = "YES">
      <Testables>
      </Testables>
      <MacroExpansion>
         <BuildableReference
            BuildableIdentifier = "primary"
            BlueprintIdentifier = "D3EC8BA0231FB0570049CDAA"
            BuildableName = "vm"
            BlueprintName = "vm"
            ReferencedContainer = "container:vm.xcodeproj">
         </BuildableReference>
      </MacroExpansion>
      <AdditionalOptions>
      </AdditionalOptions>
   </TestAction>
   <LaunchAction
      buildConfiguration = "Debug"
      selectedDebuggerIdentifier = "Xcode.DebuggerFoundation.Debugger.LLDB"
      selectedLauncherIdentifier = "Xcode.DebuggerFoundation.Launcher.LLDB"
      launchStyle = "0"
      useCustomWorkingDirectory = "NO"
      ignoresPersistentStateOnLaunch = "NO"
      debugDocumentVersioning = "YES"
      debugServiceExtension = "internal"
      allowLocationSimulation = "YES">
      <BuildableProductRunnable
         runnableDebuggingMode = "0">
         <BuildableReference
            BuildableIdentifier = "primary"
            BlueprintIdentifier = "D3EC8BA0231FB0570049CDAA"
            BuildableName = "vm"
            BlueprintName = "vm"
            ReferencedContainer = "container:vm.xcodeproj">
         </BuildableReference>
      </BuildableProductRunnable>
      <CommandLineArguments>
         <CommandLineArgument
            argument = "42.cor"
            isEnabled = "NO">
         </CommandLineArgument>
         <CommandLineArgument
            argument = "-v"
            isEnabled = "NO">
         </CommandLineArgument>
         <CommandLineArgument
            argument = "-n 1 slider2.cor"
            isEnabled = "YES">
         </CommandLineArgument>
         <CommandLineArgument
            argument = "-d 11930"
            isEnabled = "YES">
         </CommandLineArgument>
         <CommandLineArgument
            argument = "-n 2 slider2.cor -n 4 slider2.cor -n 3 slider2.cor"
            isEnabled = "NO">
         </CommandLineArgument>
         <CommandLineArgument
            argument = "11_test_fork.cor"
            isEnabled = "NO">
         </CommandLineArgument>
         <CommandLineArgument
            argument = "Douceur_power.cor"
            isEnabled = "NO">
         </CommandLineArgument>
         <CommandLineArgument
            argument = "mise_a_jour_windows95.cor"
            isEnabled = "NO">
         </CommandLineArgument>
         <CommandLineArgument
            argument = "champ.cor"
            isEnabled = "NO">
         </CommandLineArgument>
         <CommandLineArgument
            argument = "tests_cor/01_test_ld.cor"
            isEnabled = "NO">
         </CommandLineArgument>
         <CommandLineArgument
            argument = "tests_cor/02_test_st.cor"
            isEnabled = "NO">
         </CommandLineArgument>
         <CommandLineArgument
            argument = "tests_cor/03_04_test_add_sub.cor"
            isEnabled = "NO">
         </CommandLineArgument>
         <CommandLineArgument
            argument = "tests_cor/05_test_and.cor"
            isEnabled = "NO">
         </CommandLineArgument>
         <CommandLineArgument
            argument = "tests_cor/06_test_or.cor"
            isEnabled = "NO">
         </CommandLineArgument>
         <CommandLineArgument
            argument = "tests_cor/07_test_xor.cor"
            isEnabled = "NO">
         </CommandLineArgument>
         <CommandLineArgument
            argument = "tests_cor/08_test_zjmp.cor"
            isEnabled = "NO">
         </CommandLineArgument>
      </CommandLineArguments>
      <AdditionalOptions>
      </AdditionalOptions>
   </LaunchAction>
   <ProfileAction
      buildConfiguration = "Release"
      shouldUseLaunchSchemeArgsEnv = "YES"
      savedToolIdentifier = ""
      useCustomWorkingDirectory = "NO"
      debugDocumentVersioning = "YES">
      <BuildableProductRunnable
         runnableDebuggingMode = "0">
         <BuildableReference
            BuildableIdentifier = "primary"
            BlueprintIdentifier = "D3EC8BA0231FB0570049CDAA"
            BuildableName = "vm"
            BlueprintName = "vm"
            ReferencedContainer = "container:vm.xcodeproj">
         </BuildableReference>
      </BuildableProductRunnable>
   </ProfileAction>
   <AnalyzeAction
      buildConfiguration = "Debug">
   </AnalyzeAction>
   <ArchiveAction
      buildConfiguration = "Release"
      revealArchiveInOrganizer = "YES">
   </ArchiveAction>
</Scheme>
